// !$*UTF8*$!
{
	archiveVersion = 1;
	classes = {
	};
	objectVersion = 46;
	objects = {

/* Begin PBXBuildFile section */
		418A315519BBE89800E9D2E1 /* Foundation.framework in Frameworks */ = {isa = PBXBuildFile; fileRef = 418A315419BBE89800E9D2E1 /* Foundation.framework */; };
		418A315719BBE89800E9D2E1 /* CoreGraphics.framework in Frameworks */ = {isa = PBXBuildFile; fileRef = 418A315619BBE89800E9D2E1 /* CoreGraphics.framework */; };
		418A315919BBE89800E9D2E1 /* UIKit.framework in Frameworks */ = {isa = PBXBuildFile; fileRef = 418A315819BBE89800E9D2E1 /* UIKit.framework */; };
		418A315F19BBE89800E9D2E1 /* InfoPlist.strings in Resources */ = {isa = PBXBuildFile; fileRef = 418A315D19BBE89800E9D2E1 /* InfoPlist.strings */; };
		418A316119BBE89800E9D2E1 /* main.m in Sources */ = {isa = PBXBuildFile; fileRef = 418A316019BBE89800E9D2E1 /* main.m */; };
		418A316519BBE89800E9D2E1 /* DXRAppDelegate.m in Sources */ = {isa = PBXBuildFile; fileRef = 418A316419BBE89800E9D2E1 /* DXRAppDelegate.m */; };
		418A316719BBE89800E9D2E1 /* Images.xcassets in Resources */ = {isa = PBXBuildFile; fileRef = 418A316619BBE89800E9D2E1 /* Images.xcassets */; };
		418A316E19BBE89800E9D2E1 /* XCTest.framework in Frameworks */ = {isa = PBXBuildFile; fileRef = 418A316D19BBE89800E9D2E1 /* XCTest.framework */; };
		418A316F19BBE89800E9D2E1 /* Foundation.framework in Frameworks */ = {isa = PBXBuildFile; fileRef = 418A315419BBE89800E9D2E1 /* Foundation.framework */; };
		418A317019BBE89800E9D2E1 /* UIKit.framework in Frameworks */ = {isa = PBXBuildFile; fileRef = 418A315819BBE89800E9D2E1 /* UIKit.framework */; };
		418A317819BBE89800E9D2E1 /* InfoPlist.strings in Resources */ = {isa = PBXBuildFile; fileRef = 418A317619BBE89800E9D2E1 /* InfoPlist.strings */; };
		418A317A19BBE89800E9D2E1 /* DexrTests.m in Sources */ = {isa = PBXBuildFile; fileRef = 418A317919BBE89800E9D2E1 /* DexrTests.m */; };
		418A318419BBE93800E9D2E1 /* iPhone.storyboard in Resources */ = {isa = PBXBuildFile; fileRef = 418A318319BBE93800E9D2E1 /* iPhone.storyboard */; };
/* End PBXBuildFile section */

/* Begin PBXContainerItemProxy section */
		418A317119BBE89800E9D2E1 /* PBXContainerItemProxy */ = {
			isa = PBXContainerItemProxy;
			containerPortal = 418A314919BBE89800E9D2E1 /* Project object */;
			proxyType = 1;
			remoteGlobalIDString = 418A315019BBE89800E9D2E1;
			remoteInfo = Dexr;
		};
/* End PBXContainerItemProxy section */

/* Begin PBXFileReference section */
		418A315119BBE89800E9D2E1 /* Dexr.app */ = {isa = PBXFileReference; explicitFileType = wrapper.application; includeInIndex = 0; path = Dexr.app; sourceTree = BUILT_PRODUCTS_DIR; };
		418A315419BBE89800E9D2E1 /* Foundation.framework */ = {isa = PBXFileReference; lastKnownFileType = wrapper.framework; name = Foundation.framework; path = System/Library/Frameworks/Foundation.framework; sourceTree = SDKROOT; };
		418A315619BBE89800E9D2E1 /* CoreGraphics.framework */ = {isa = PBXFileReference; lastKnownFileType = wrapper.framework; name = CoreGraphics.framework; path = System/Library/Frameworks/CoreGraphics.framework; sourceTree = SDKROOT; };
		418A315819BBE89800E9D2E1 /* UIKit.framework */ = {isa = PBXFileReference; lastKnownFileType = wrapper.framework; name = UIKit.framework; path = System/Library/Frameworks/UIKit.framework; sourceTree = SDKROOT; };
		418A315C19BBE89800E9D2E1 /* Dexr-Info.plist */ = {isa = PBXFileReference; lastKnownFileType = text.plist.xml; path = "Dexr-Info.plist"; sourceTree = "<group>"; };
		418A315E19BBE89800E9D2E1 /* en */ = {isa = PBXFileReference; lastKnownFileType = text.plist.strings; name = en; path = en.lproj/InfoPlist.strings; sourceTree = "<group>"; };
		418A316019BBE89800E9D2E1 /* main.m */ = {isa = PBXFileReference; lastKnownFileType = sourcecode.c.objc; path = main.m; sourceTree = "<group>"; };
		418A316219BBE89800E9D2E1 /* Dexr-Prefix.pch */ = {isa = PBXFileReference; lastKnownFileType = sourcecode.c.h; path = "Dexr-Prefix.pch"; sourceTree = "<group>"; };
		418A316319BBE89800E9D2E1 /* DXRAppDelegate.h */ = {isa = PBXFileReference; lastKnownFileType = sourcecode.c.h; path = DXRAppDelegate.h; sourceTree = "<group>"; };
		418A316419BBE89800E9D2E1 /* DXRAppDelegate.m */ = {isa = PBXFileReference; lastKnownFileType = sourcecode.c.objc; path = DXRAppDelegate.m; sourceTree = "<group>"; };
		418A316619BBE89800E9D2E1 /* Images.xcassets */ = {isa = PBXFileReference; lastKnownFileType = folder.assetcatalog; path = Images.xcassets; sourceTree = "<group>"; };
		418A316C19BBE89800E9D2E1 /* DexrTests.xctest */ = {isa = PBXFileReference; explicitFileType = wrapper.cfbundle; includeInIndex = 0; path = DexrTests.xctest; sourceTree = BUILT_PRODUCTS_DIR; };
		418A316D19BBE89800E9D2E1 /* XCTest.framework */ = {isa = PBXFileReference; lastKnownFileType = wrapper.framework; name = XCTest.framework; path = Library/Frameworks/XCTest.framework; sourceTree = DEVELOPER_DIR; };
		418A317519BBE89800E9D2E1 /* DexrTests-Info.plist */ = {isa = PBXFileReference; lastKnownFileType = text.plist.xml; path = "DexrTests-Info.plist"; sourceTree = "<group>"; };
		418A317719BBE89800E9D2E1 /* en */ = {isa = PBXFileReference; lastKnownFileType = text.plist.strings; name = en; path = en.lproj/InfoPlist.strings; sourceTree = "<group>"; };
		418A317919BBE89800E9D2E1 /* DexrTests.m */ = {isa = PBXFileReference; lastKnownFileType = sourcecode.c.objc; path = DexrTests.m; sourceTree = "<group>"; };
		418A318319BBE93800E9D2E1 /* iPhone.storyboard */ = {isa = PBXFileReference; fileEncoding = 4; lastKnownFileType = file.storyboard; path = iPhone.storyboard; sourceTree = "<group>"; };
/* End PBXFileReference section */

/* Begin PBXFrameworksBuildPhase section */
		418A314E19BBE89800E9D2E1 /* Frameworks */ = {
			isa = PBXFrameworksBuildPhase;
			buildActionMask = 2147483647;
			files = (
				418A315719BBE89800E9D2E1 /* CoreGraphics.framework in Frameworks */,
				418A315919BBE89800E9D2E1 /* UIKit.framework in Frameworks */,
				418A315519BBE89800E9D2E1 /* Foundation.framework in Frameworks */,
			);
			runOnlyForDeploymentPostprocessing = 0;
		};
		418A316919BBE89800E9D2E1 /* Frameworks */ = {
			isa = PBXFrameworksBuildPhase;
			buildActionMask = 2147483647;
			files = (
				418A316E19BBE89800E9D2E1 /* XCTest.framework in Frameworks */,
				418A317019BBE89800E9D2E1 /* UIKit.framework in Frameworks */,
				418A316F19BBE89800E9D2E1 /* Foundation.framework in Frameworks */,
			);
			runOnlyForDeploymentPostprocessing = 0;
		};
/* End PBXFrameworksBuildPhase section */

/* Begin PBXGroup section */
		418A314819BBE89800E9D2E1 = {
			isa = PBXGroup;
			children = (
				418A315A19BBE89800E9D2E1 /* Dexr */,
				418A317319BBE89800E9D2E1 /* DexrTests */,
				418A315319BBE89800E9D2E1 /* Frameworks */,
				418A315219BBE89800E9D2E1 /* Products */,
			);
			sourceTree = "<group>";
		};
		418A315219BBE89800E9D2E1 /* Products */ = {
			isa = PBXGroup;
			children = (
				418A315119BBE89800E9D2E1 /* Dexr.app */,
				418A316C19BBE89800E9D2E1 /* DexrTests.xctest */,
			);
			name = Products;
			sourceTree = "<group>";
		};
		418A315319BBE89800E9D2E1 /* Frameworks */ = {
			isa = PBXGroup;
			children = (
				418A315419BBE89800E9D2E1 /* Foundation.framework */,
				418A315619BBE89800E9D2E1 /* CoreGraphics.framework */,
				418A315819BBE89800E9D2E1 /* UIKit.framework */,
				418A316D19BBE89800E9D2E1 /* XCTest.framework */,
			);
			name = Frameworks;
			sourceTree = "<group>";
		};
		418A315A19BBE89800E9D2E1 /* Dexr */ = {
			isa = PBXGroup;
			children = (
				418A316319BBE89800E9D2E1 /* DXRAppDelegate.h */,
				418A316419BBE89800E9D2E1 /* DXRAppDelegate.m */,
				418A318319BBE93800E9D2E1 /* iPhone.storyboard */,
				418A316619BBE89800E9D2E1 /* Images.xcassets */,
				418A315B19BBE89800E9D2E1 /* Supporting Files */,
			);
			path = Dexr;
			sourceTree = "<group>";
		};
		418A315B19BBE89800E9D2E1 /* Supporting Files */ = {
			isa = PBXGroup;
			children = (
				418A315C19BBE89800E9D2E1 /* Dexr-Info.plist */,
				418A315D19BBE89800E9D2E1 /* InfoPlist.strings */,
				418A316019BBE89800E9D2E1 /* main.m */,
				418A316219BBE89800E9D2E1 /* Dexr-Prefix.pch */,
			);
			name = "Supporting Files";
			sourceTree = "<group>";
		};
		418A317319BBE89800E9D2E1 /* DexrTests */ = {
			isa = PBXGroup;
			children = (
				418A317919BBE89800E9D2E1 /* DexrTests.m */,
				418A317419BBE89800E9D2E1 /* Supporting Files */,
			);
			path = DexrTests;
			sourceTree = "<group>";
		};
		418A317419BBE89800E9D2E1 /* Supporting Files */ = {
			isa = PBXGroup;
			children = (
				418A317519BBE89800E9D2E1 /* DexrTests-Info.plist */,
				418A317619BBE89800E9D2E1 /* InfoPlist.strings */,
			);
			name = "Supporting Files";
			sourceTree = "<group>";
		};
/* End PBXGroup section */

/* Begin PBXNativeTarget section */
		418A315019BBE89800E9D2E1 /* Dexr */ = {
			isa = PBXNativeTarget;
			buildConfigurationList = 418A317D19BBE89800E9D2E1 /* Build configuration list for PBXNativeTarget "Dexr" */;
			buildPhases = (
				418A314D19BBE89800E9D2E1 /* Sources */,
				418A314E19BBE89800E9D2E1 /* Frameworks */,
				418A314F19BBE89800E9D2E1 /* Resources */,
			);
			buildRules = (
			);
			dependencies = (
			);
			name = Dexr;
			productName = Dexr;
			productReference = 418A315119BBE89800E9D2E1 /* Dexr.app */;
			productType = "com.apple.product-type.application";
		};
		418A316B19BBE89800E9D2E1 /* DexrTests */ = {
			isa = PBXNativeTarget;
			buildConfigurationList = 418A318019BBE89800E9D2E1 /* Build configuration list for PBXNativeTarget "DexrTests" */;
			buildPhases = (
				418A316819BBE89800E9D2E1 /* Sources */,
				418A316919BBE89800E9D2E1 /* Frameworks */,
				418A316A19BBE89800E9D2E1 /* Resources */,
			);
			buildRules = (
			);
			dependencies = (
				418A317219BBE89800E9D2E1 /* PBXTargetDependency */,
			);
			name = DexrTests;
			productName = DexrTests;
			productReference = 418A316C19BBE89800E9D2E1 /* DexrTests.xctest */;
			productType = "com.apple.product-type.bundle.unit-test";
		};
/* End PBXNativeTarget section */

/* Begin PBXProject section */
		418A314919BBE89800E9D2E1 /* Project object */ = {
			isa = PBXProject;
			attributes = {
				CLASSPREFIX = DXR;
				LastUpgradeCheck = 0510;
				ORGANIZATIONNAME = Substantial;
				TargetAttributes = {
					418A316B19BBE89800E9D2E1 = {
						TestTargetID = 418A315019BBE89800E9D2E1;
					};
				};
			};
			buildConfigurationList = 418A314C19BBE89800E9D2E1 /* Build configuration list for PBXProject "Dexr" */;
			compatibilityVersion = "Xcode 3.2";
			developmentRegion = English;
			hasScannedForEncodings = 0;
			knownRegions = (
				en,
			);
			mainGroup = 418A314819BBE89800E9D2E1;
			productRefGroup = 418A315219BBE89800E9D2E1 /* Products */;
			projectDirPath = "";
			projectRoot = "";
			targets = (
				418A315019BBE89800E9D2E1 /* Dexr */,
				418A316B19BBE89800E9D2E1 /* DexrTests */,
			);
		};
/* End PBXProject section */

/* Begin PBXResourcesBuildPhase section */
		418A314F19BBE89800E9D2E1 /* Resources */ = {
			isa = PBXResourcesBuildPhase;
			buildActionMask = 2147483647;
			files = (
				418A315F19BBE89800E9D2E1 /* InfoPlist.strings in Resources */,
				418A318419BBE93800E9D2E1 /* iPhone.storyboard in Resources */,
				418A316719BBE89800E9D2E1 /* Images.xcassets in Resources */,
			);
			runOnlyForDeploymentPostprocessing = 0;
		};
		418A316A19BBE89800E9D2E1 /* Resources */ = {
			isa = PBXResourcesBuildPhase;
			buildActionMask = 2147483647;
			files = (
				418A317819BBE89800E9D2E1 /* InfoPlist.strings in Resources */,
			);
			runOnlyForDeploymentPostprocessing = 0;
		};
/* End PBXResourcesBuildPhase section */

/* Begin PBXSourcesBuildPhase section */
		418A314D19BBE89800E9D2E1 /* Sources */ = {
			isa = PBXSourcesBuildPhase;
			buildActionMask = 2147483647;
			files = (
				418A316119BBE89800E9D2E1 /* main.m in Sources */,
				418A316519BBE89800E9D2E1 /* DXRAppDelegate.m in Sources */,
			);
			runOnlyForDeploymentPostprocessing = 0;
		};
		418A316819BBE89800E9D2E1 /* Sources */ = {
			isa = PBXSourcesBuildPhase;
			buildActionMask = 2147483647;
			files = (
				418A317A19BBE89800E9D2E1 /* DexrTests.m in Sources */,
			);
			runOnlyForDeploymentPostprocessing = 0;
		};
/* End PBXSourcesBuildPhase section */

/* Begin PBXTargetDependency section */
		418A317219BBE89800E9D2E1 /* PBXTargetDependency */ = {
			isa = PBXTargetDependency;
			target = 418A315019BBE89800E9D2E1 /* Dexr */;
			targetProxy = 418A317119BBE89800E9D2E1 /* PBXContainerItemProxy */;
		};
/* End PBXTargetDependency section */

/* Begin PBXVariantGroup section */
		418A315D19BBE89800E9D2E1 /* InfoPlist.strings */ = {
			isa = PBXVariantGroup;
			children = (
				418A315E19BBE89800E9D2E1 /* en */,
			);
			name = InfoPlist.strings;
			sourceTree = "<group>";
		};
		418A317619BBE89800E9D2E1 /* InfoPlist.strings */ = {
			isa = PBXVariantGroup;
			children = (
				418A317719BBE89800E9D2E1 /* en */,
			);
			name = InfoPlist.strings;
			sourceTree = "<group>";
		};
/* End PBXVariantGroup section */

/* Begin XCBuildConfiguration section */
		418A317B19BBE89800E9D2E1 /* Debug */ = {
			isa = XCBuildConfiguration;
			buildSettings = {
				ALWAYS_SEARCH_USER_PATHS = NO;
				CLANG_CXX_LANGUAGE_STANDARD = "gnu++0x";
				CLANG_CXX_LIBRARY = "libc++";
				CLANG_ENABLE_MODULES = YES;
				CLANG_ENABLE_OBJC_ARC = YES;
				CLANG_WARN_BOOL_CONVERSION = YES;
				CLANG_WARN_CONSTANT_CONVERSION = YES;
				CLANG_WARN_DIRECT_OBJC_ISA_USAGE = YES_ERROR;
				CLANG_WARN_EMPTY_BODY = YES;
				CLANG_WARN_ENUM_CONVERSION = YES;
				CLANG_WARN_INT_CONVERSION = YES;
				CLANG_WARN_OBJC_ROOT_CLASS = YES_ERROR;
				CLANG_WARN__DUPLICATE_METHOD_MATCH = YES;
				"CODE_SIGN_IDENTITY[sdk=iphoneos*]" = "iPhone Developer";
				COPY_PHASE_STRIP = NO;
				GCC_C_LANGUAGE_STANDARD = gnu99;
				GCC_DYNAMIC_NO_PIC = NO;
				GCC_OPTIMIZATION_LEVEL = 0;
				GCC_PREPROCESSOR_DEFINITIONS = (
					"DEBUG=1",
					"$(inherited)",
				);
				GCC_SYMBOLS_PRIVATE_EXTERN = NO;
				GCC_WARN_64_TO_32_BIT_CONVERSION = YES;
				GCC_WARN_ABOUT_RETURN_TYPE = YES_ERROR;
				GCC_WARN_UNDECLARED_SELECTOR = YES;
				GCC_WARN_UNINITIALIZED_AUTOS = YES_AGGRESSIVE;
				GCC_WARN_UNUSED_FUNCTION = YES;
				GCC_WARN_UNUSED_VARIABLE = YES;
				IPHONEOS_DEPLOYMENT_TARGET = 7.1;
				ONLY_ACTIVE_ARCH = YES;
				SDKROOT = iphoneos;
				TARGETED_DEVICE_FAMILY = "1,2";
			};
			name = Debug;
		};
		418A317C19BBE89800E9D2E1 /* Release */ = {
			isa = XCBuildConfiguration;
			buildSettings = {
				ALWAYS_SEARCH_USER_PATHS = NO;
				CLANG_CXX_LANGUAGE_STANDARD = "gnu++0x";
				CLANG_CXX_LIBRARY = "libc++";
				CLANG_ENABLE_MODULES = YES;
				CLANG_ENABLE_OBJC_ARC = YES;
				CLANG_WARN_BOOL_CONVERSION = YES;
				CLANG_WARN_CONSTANT_CONVERSION = YES;
				CLANG_WARN_DIRECT_OBJC_ISA_USAGE = YES_ERROR;
				CLANG_WARN_EMPTY_BODY = YES;
				CLANG_WARN_ENUM_CONVERSION = YES;
				CLANG_WARN_INT_CONVERSION = YES;
				CLANG_WARN_OBJC_ROOT_CLASS = YES_ERROR;
				CLANG_WARN__DUPLICATE_METHOD_MATCH = YES;
				"CODE_SIGN_IDENTITY[sdk=iphoneos*]" = "iPhone Developer";
				COPY_PHASE_STRIP = YES;
				ENABLE_NS_ASSERTIONS = NO;
				GCC_C_LANGUAGE_STANDARD = gnu99;
				GCC_WARN_64_TO_32_BIT_CONVERSION = YES;
				GCC_WARN_ABOUT_RETURN_TYPE = YES_ERROR;
				GCC_WARN_UNDECLARED_SELECTOR = YES;
				GCC_WARN_UNINITIALIZED_AUTOS = YES_AGGRESSIVE;
				GCC_WARN_UNUSED_FUNCTION = YES;
				GCC_WARN_UNUSED_VARIABLE = YES;
				IPHONEOS_DEPLOYMENT_TARGET = 7.1;
				SDKROOT = iphoneos;
				TARGETED_DEVICE_FAMILY = "1,2";
				VALIDATE_PRODUCT = YES;
			};
			name = Release;
		};
		418A317E19BBE89800E9D2E1 /* Debug */ = {
			isa = XCBuildConfiguration;
			buildSettings = {
				ASSETCATALOG_COMPILER_APPICON_NAME = AppIcon;
				ASSETCATALOG_COMPILER_LAUNCHIMAGE_NAME = LaunchImage;
				GCC_PRECOMPILE_PREFIX_HEADER = YES;
				GCC_PREFIX_HEADER = "Dexr/Dexr-Prefix.pch";
				INFOPLIST_FILE = "Dexr/Dexr-Info.plist";
				PRODUCT_NAME = "$(TARGET_NAME)";
				WRAPPER_EXTENSION = app;
			};
			name = Debug;
		};
		418A317F19BBE89800E9D2E1 /* Release */ = {
			isa = XCBuildConfiguration;
			buildSettings = {
				ASSETCATALOG_COMPILER_APPICON_NAME = AppIcon;
				ASSETCATALOG_COMPILER_LAUNCHIMAGE_NAME = LaunchImage;
				GCC_PRECOMPILE_PREFIX_HEADER = YES;
				GCC_PREFIX_HEADER = "Dexr/Dexr-Prefix.pch";
				INFOPLIST_FILE = "Dexr/Dexr-Info.plist";
				PRODUCT_NAME = "$(TARGET_NAME)";
				WRAPPER_EXTENSION = app;
			};
			name = Release;
		};
		418A318119BBE89800E9D2E1 /* Debug */ = {
			isa = XCBuildConfiguration;
			buildSettings = {
				BUNDLE_LOADER = "$(BUILT_PRODUCTS_DIR)/Dexr.app/Dexr";
				FRAMEWORK_SEARCH_PATHS = (
					"$(SDKROOT)/Developer/Library/Frameworks",
					"$(inherited)",
					"$(DEVELOPER_FRAMEWORKS_DIR)",
				);
				GCC_PRECOMPILE_PREFIX_HEADER = YES;
				GCC_PREFIX_HEADER = "Dexr/Dexr-Prefix.pch";
				GCC_PREPROCESSOR_DEFINITIONS = (
					"DEBUG=1",
					"$(inherited)",
				);
				INFOPLIST_FILE = "DexrTests/DexrTests-Info.plist";
				PRODUCT_NAME = "$(TARGET_NAME)";
				TEST_HOST = "$(BUNDLE_LOADER)";
				WRAPPER_EXTENSION = xctest;
			};
			name = Debug;
		};
		418A318219BBE89800E9D2E1 /* Release */ = {
			isa = XCBuildConfiguration;
			buildSettings = {
				BUNDLE_LOADER = "$(BUILT_PRODUCTS_DIR)/Dexr.app/Dexr";
				FRAMEWORK_SEARCH_PATHS = (
					"$(SDKROOT)/Developer/Library/Frameworks",
					"$(inherited)",
					"$(DEVELOPER_FRAMEWORKS_DIR)",
				);
				GCC_PRECOMPILE_PREFIX_HEADER = YES;
				GCC_PREFIX_HEADER = "Dexr/Dexr-Prefix.pch";
				INFOPLIST_FILE = "DexrTests/DexrTests-Info.plist";
				PRODUCT_NAME = "$(TARGET_NAME)";
				TEST_HOST = "$(BUNDLE_LOADER)";
				WRAPPER_EXTENSION = xctest;
			};
			name = Release;
		};
/* End XCBuildConfiguration section */

/* Begin XCConfigurationList section */
		418A314C19BBE89800E9D2E1 /* Build configuration list for PBXProject "Dexr" */ = {
			isa = XCConfigurationList;
			buildConfigurations = (
				418A317B19BBE89800E9D2E1 /* Debug */,
				418A317C19BBE89800E9D2E1 /* Release */,
			);
			defaultConfigurationIsVisible = 0;
			defaultConfigurationName = Release;
		};
		418A317D19BBE89800E9D2E1 /* Build configuration list for PBXNativeTarget "Dexr" */ = {
			isa = XCConfigurationList;
			buildConfigurations = (
				418A317E19BBE89800E9D2E1 /* Debug */,
				418A317F19BBE89800E9D2E1 /* Release */,
			);
			defaultConfigurationIsVisible = 0;
		};
		418A318019BBE89800E9D2E1 /* Build configuration list for PBXNativeTarget "DexrTests" */ = {
			isa = XCConfigurationList;
			buildConfigurations = (
				418A318119BBE89800E9D2E1 /* Debug */,
				418A318219BBE89800E9D2E1 /* Release */,
			);
			defaultConfigurationIsVisible = 0;
		};
/* End XCConfigurationList section */
	};
	rootObject = 418A314919BBE89800E9D2E1 /* Project object */;
}
